
Microsoft Visual Studio Solution File, Format Version 12.00
# Visual Studio Version 16
VisualStudioVersion = 16.0.31205.134
MinimumVisualStudioVersion = 10.0.40219.1
Project("{FAE04EC0-301F-11D3-BF4B-00C04F79EFBC}") = "Method Overloading", "Method Overloading\Method Overloading.csproj", "{54068276-3409-4E80-AB65-983E40D016B5}"
EndProject
Project("{FAE04EC0-301F-11D3-BF4B-00C04F79EFBC}") = "Methodoverriding", "IsArelationship\Methodoverriding.csproj", "{F17C20DA-1F1C-4740-85EA-1F18E14E0EFD}"
EndProject
Project("{FAE04EC0-301F-11D3-BF4B-00C04F79EFBC}") = "DefaultConstructor", "DefaultConstructor\DefaultConstructor.csproj", "{EE9BD045-AFE9-4BD9-99CA-DEC22F2D2A4B}"
EndProject
Project("{FAE04EC0-301F-11D3-BF4B-00C04F79EFBC}") = "ParameterizedConstructor", "ParameterizedConstructor\ParameterizedConstructor.csproj", "{1886BB86-22E2-4A97-B69B-1A80EBA02107}"
EndProject
Project("{FAE04EC0-301F-11D3-BF4B-00C04F79EFBC}") = "HasArelationship", "HasArelationship\HasArelationship.csproj", "{E7A9500E-FB47-4AA9-B015-68627942F0F9}"
EndProject
Project("{FAE04EC0-301F-11D3-BF4B-00C04F79EFBC}") = "useArelationship", "useArelationship\useArelationship.csproj", "{4BD0B614-13A3-48CA-BF62-FE4BCB313F10}"
EndProject
Project("{FAE04EC0-301F-11D3-BF4B-00C04F79EFBC}") = "complietypePolymorphisam", "Polymorphisam\complietypePolymorphisam.csproj", "{D5F647A6-FBE5-4739-862D-4E65022100B5}"
EndProject
Project("{FAE04EC0-301F-11D3-BF4B-00C04F79EFBC}") = "RuntimePolymorphism", "RuntimePolymorphism\RuntimePolymorphism.csproj", "{013DD821-97A6-45C8-BF3D-A4AD3869A2F3}"
EndProject
Project("{FAE04EC0-301F-11D3-BF4B-00C04F79EFBC}") = "Abstraction", "Abstraction\Abstraction.csproj", "{61D3C7ED-49F8-4C60-B103-D6D1FE44264B}"
EndProject
Project("{FAE04EC0-301F-11D3-BF4B-00C04F79EFBC}") = "Abstract_Classes_Example", "Abstract_Classes_Example\Abstract_Classes_Example.csproj", "{3CA0AC0D-C577-4221-AF30-44A7342214AF}"
EndProject
Project("{FAE04EC0-301F-11D3-BF4B-00C04F79EFBC}") = "OutParameterExample", "OutParameterExample\OutParameterExample.csproj", "{FB8037A2-9284-44F6-8D32-4E039B64D6E4}"
EndProject
Project("{FAE04EC0-301F-11D3-BF4B-00C04F79EFBC}") = "PropertiesExample", "PropertiesExample\PropertiesExample.csproj", "{BA54C857-2510-40D4-9666-07A51B8CFEFB}"
EndProject
Global
	GlobalSection(SolutionConfigurationPlatforms) = preSolution
		Debug|Any CPU = Debug|Any CPU
		Release|Any CPU = Release|Any CPU
	EndGlobalSection
	GlobalSection(ProjectConfigurationPlatforms) = postSolution
		{54068276-3409-4E80-AB65-983E40D016B5}.Debug|Any CPU.ActiveCfg = Debug|Any CPU
		{54068276-3409-4E80-AB65-983E40D016B5}.Debug|Any CPU.Build.0 = Debug|Any CPU
		{54068276-3409-4E80-AB65-983E40D016B5}.Release|Any CPU.ActiveCfg = Release|Any CPU
		{54068276-3409-4E80-AB65-983E40D016B5}.Release|Any CPU.Build.0 = Release|Any CPU
		{F17C20DA-1F1C-4740-85EA-1F18E14E0EFD}.Debug|Any CPU.ActiveCfg = Debug|Any CPU
		{F17C20DA-1F1C-4740-85EA-1F18E14E0EFD}.Debug|Any CPU.Build.0 = Debug|Any CPU
		{F17C20DA-1F1C-4740-85EA-1F18E14E0EFD}.Release|Any CPU.ActiveCfg = Release|Any CPU
		{F17C20DA-1F1C-4740-85EA-1F18E14E0EFD}.Release|Any CPU.Build.0 = Release|Any CPU
		{EE9BD045-AFE9-4BD9-99CA-DEC22F2D2A4B}.Debug|Any CPU.ActiveCfg = Debug|Any CPU
		{EE9BD045-AFE9-4BD9-99CA-DEC22F2D2A4B}.Debug|Any CPU.Build.0 = Debug|Any CPU
		{EE9BD045-AFE9-4BD9-99CA-DEC22F2D2A4B}.Release|Any CPU.ActiveCfg = Release|Any CPU
		{EE9BD045-AFE9-4BD9-99CA-DEC22F2D2A4B}.Release|Any CPU.Build.0 = Release|Any CPU
		{1886BB86-22E2-4A97-B69B-1A80EBA02107}.Debug|Any CPU.ActiveCfg = Debug|Any CPU
		{1886BB86-22E2-4A97-B69B-1A80EBA02107}.Debug|Any CPU.Build.0 = Debug|Any CPU
		{1886BB86-22E2-4A97-B69B-1A80EBA02107}.Release|Any CPU.ActiveCfg = Release|Any CPU
		{1886BB86-22E2-4A97-B69B-1A80EBA02107}.Release|Any CPU.Build.0 = Release|Any CPU
		{E7A9500E-FB47-4AA9-B015-68627942F0F9}.Debug|Any CPU.ActiveCfg = Debug|Any CPU
		{E7A9500E-FB47-4AA9-B015-68627942F0F9}.Debug|Any CPU.Build.0 = Debug|Any CPU
		{E7A9500E-FB47-4AA9-B015-68627942F0F9}.Release|Any CPU.ActiveCfg = Release|Any CPU
		{E7A9500E-FB47-4AA9-B015-68627942F0F9}.Release|Any CPU.Build.0 = Release|Any CPU
		{4BD0B614-13A3-48CA-BF62-FE4BCB313F10}.Debug|Any CPU.ActiveCfg = Debug|Any CPU
		{4BD0B614-13A3-48CA-BF62-FE4BCB313F10}.Debug|Any CPU.Build.0 = Debug|Any CPU
		{4BD0B614-13A3-48CA-BF62-FE4BCB313F10}.Release|Any CPU.ActiveCfg = Release|Any CPU
		{4BD0B614-13A3-48CA-BF62-FE4BCB313F10}.Release|Any CPU.Build.0 = Release|Any CPU
		{D5F647A6-FBE5-4739-862D-4E65022100B5}.Debug|Any CPU.ActiveCfg = Debug|Any CPU
		{D5F647A6-FBE5-4739-862D-4E65022100B5}.Debug|Any CPU.Build.0 = Debug|Any CPU
		{D5F647A6-FBE5-4739-862D-4E65022100B5}.Release|Any CPU.ActiveCfg = Release|Any CPU
		{D5F647A6-FBE5-4739-862D-4E65022100B5}.Release|Any CPU.Build.0 = Release|Any CPU
		{013DD821-97A6-45C8-BF3D-A4AD3869A2F3}.Debug|Any CPU.ActiveCfg = Debug|Any CPU
		{013DD821-97A6-45C8-BF3D-A4AD3869A2F3}.Debug|Any CPU.Build.0 = Debug|Any CPU
		{013DD821-97A6-45C8-BF3D-A4AD3869A2F3}.Release|Any CPU.ActiveCfg = Release|Any CPU
		{013DD821-97A6-45C8-BF3D-A4AD3869A2F3}.Release|Any CPU.Build.0 = Release|Any CPU
		{61D3C7ED-49F8-4C60-B103-D6D1FE44264B}.Debug|Any CPU.ActiveCfg = Debug|Any CPU
		{61D3C7ED-49F8-4C60-B103-D6D1FE44264B}.Debug|Any CPU.Build.0 = Debug|Any CPU
		{61D3C7ED-49F8-4C60-B103-D6D1FE44264B}.Release|Any CPU.ActiveCfg = Release|Any CPU
		{61D3C7ED-49F8-4C60-B103-D6D1FE44264B}.Release|Any CPU.Build.0 = Release|Any CPU
		{3CA0AC0D-C577-4221-AF30-44A7342214AF}.Debug|Any CPU.ActiveCfg = Debug|Any CPU
		{3CA0AC0D-C577-4221-AF30-44A7342214AF}.Debug|Any CPU.Build.0 = Debug|Any CPU
		{3CA0AC0D-C577-4221-AF30-44A7342214AF}.Release|Any CPU.ActiveCfg = Release|Any CPU
		{3CA0AC0D-C577-4221-AF30-44A7342214AF}.Release|Any CPU.Build.0 = Release|Any CPU
		{FB8037A2-9284-44F6-8D32-4E039B64D6E4}.Debug|Any CPU.ActiveCfg = Debug|Any CPU
		{FB8037A2-9284-44F6-8D32-4E039B64D6E4}.Debug|Any CPU.Build.0 = Debug|Any CPU
		{FB8037A2-9284-44F6-8D32-4E039B64D6E4}.Release|Any CPU.ActiveCfg = Release|Any CPU
		{FB8037A2-9284-44F6-8D32-4E039B64D6E4}.Release|Any CPU.Build.0 = Release|Any CPU
		{BA54C857-2510-40D4-9666-07A51B8CFEFB}.Debug|Any CPU.ActiveCfg = Debug|Any CPU
		{BA54C857-2510-40D4-9666-07A51B8CFEFB}.Debug|Any CPU.Build.0 = Debug|Any CPU
		{BA54C857-2510-40D4-9666-07A51B8CFEFB}.Release|Any CPU.ActiveCfg = Release|Any CPU
		{BA54C857-2510-40D4-9666-07A51B8CFEFB}.Release|Any CPU.Build.0 = Release|Any CPU
	EndGlobalSection
	GlobalSection(SolutionProperties) = preSolution
		HideSolutionNode = FALSE
	EndGlobalSection
	GlobalSection(ExtensibilityGlobals) = postSolution
		SolutionGuid = {5D9951FD-82AB-4B25-ADFF-BA1B43456B46}
	EndGlobalSection
EndGlobal
